
Microsoft Visual Studio Solution File, Format Version 12.00
# Visual Studio 15
VisualStudioVersion = 15.0.28307.421
MinimumVisualStudioVersion = 10.0.40219.1
Project("{8BC9CEB8-8B4A-11D0-8D11-00A0C91BC942}") = "Tetris", "Tetris\Tetris.vcxproj", "{66AC5A5F-9CD1-4DBE-A2EB-B8A74F5C140B}"
EndProject
Global
	GlobalSection(SolutionConfigurationPlatforms) = preSolution
		Debug|x64 = Debug|x64
		Debug|x86 = Debug|x86
		Release|x64 = Release|x64
		Release|x86 = Release|x86
	EndGlobalSection
	GlobalSection(ProjectConfigurationPlatforms) = postSolution
		{66AC5A5F-9CD1-4DBE-A2EB-B8A74F5C140B}.Debug|x64.ActiveCfg = Debug|x64
		{66AC5A5F-9CD1-4DBE-A2EB-B8A74F5C140B}.Debug|x64.Build.0 = Debug|x64
		{66AC5A5F-9CD1-4DBE-A2EB-B8A74F5C140B}.Debug|x86.ActiveCfg = Release|Win32
		{66AC5A5F-9CD1-4DBE-A2EB-B8A74F5C140B}.Debug|x86.Build.0 = Release|Win32
		{66AC5A5F-9CD1-4DBE-A2EB-B8A74F5C140B}.Release|x64.ActiveCfg = Release|x64
		{66AC5A5F-9CD1-4DBE-A2EB-B8A74F5C140B}.Release|x64.Build.0 = Release|x64
		{66AC5A5F-9CD1-4DBE-A2EB-B8A74F5C140B}.Release|x86.ActiveCfg = Release|Win32
		{66AC5A5F-9CD1-4DBE-A2EB-B8A74F5C140B}.Release|x86.Build.0 = Release|Win32
	EndGlobalSection
	GlobalSection(SolutionProperties) = preSolution
		HideSolutionNode = FALSE
	EndGlobalSection
	GlobalSection(ExtensibilityGlobals) = postSolution
		SolutionGuid = {C75FCEA2-EC9D-4900-BFD0-5915535FFB47}
	EndGlobalSection
EndGlobal
